
Microsoft Visual Studio Solution File, Format Version 12.00
# Visual Studio Version 17
VisualStudioVersion = 17.0.31903.59
MinimumVisualStudioVersion = 10.0.40219.1
Project("{FAE04EC0-301F-11D3-BF4B-00C04F79EFBC}") = "PokemonReviewApp.Api", "PokemonReviewApp.Api\PokemonReviewApp.Api.csproj", "{338AF626-52B9-44DE-A8C2-913AF0EEB921}"
EndProject
Project("{FAE04EC0-301F-11D3-BF4B-00C04F79EFBC}") = "PokemonReviewApp.Tests.Units", "PokemonReviewApp.Tests.Units\PokemonReviewApp.Tests.Units.csproj", "{527AC9C0-2C1B-47D7-996E-4B190A203738}"
EndProject
Global
	GlobalSection(SolutionConfigurationPlatforms) = preSolution
		Debug|Any CPU = Debug|Any CPU
		Release|Any CPU = Release|Any CPU
	EndGlobalSection
	GlobalSection(SolutionProperties) = preSolution
		HideSolutionNode = FALSE
	EndGlobalSection
	GlobalSection(ProjectConfigurationPlatforms) = postSolution
		{338AF626-52B9-44DE-A8C2-913AF0EEB921}.Debug|Any CPU.ActiveCfg = Debug|Any CPU
		{338AF626-52B9-44DE-A8C2-913AF0EEB921}.Debug|Any CPU.Build.0 = Debug|Any CPU
		{338AF626-52B9-44DE-A8C2-913AF0EEB921}.Release|Any CPU.ActiveCfg = Release|Any CPU
		{338AF626-52B9-44DE-A8C2-913AF0EEB921}.Release|Any CPU.Build.0 = Release|Any CPU
		{527AC9C0-2C1B-47D7-996E-4B190A203738}.Debug|Any CPU.ActiveCfg = Debug|Any CPU
		{527AC9C0-2C1B-47D7-996E-4B190A203738}.Debug|Any CPU.Build.0 = Debug|Any CPU
		{527AC9C0-2C1B-47D7-996E-4B190A203738}.Release|Any CPU.ActiveCfg = Release|Any CPU
		{527AC9C0-2C1B-47D7-996E-4B190A203738}.Release|Any CPU.Build.0 = Release|Any CPU
	EndGlobalSection
EndGlobal
